{
  "name": "InFarmerity",
  "lockfileVersion": 3,
  "requires": true,
  "packages": {
    "": {
      "dependencies": {
        "react-geolocated": "^4.3.0"
      }
    },
    "node_modules/react": {
      "version": "19.0.0",
      "resolved": "https://registry.npmjs.org/react/-/react-19.0.0.tgz",
      "integrity": "sha512-V8AVnmPIICiWpGfm6GLzCR/W5FXLchHop40W4nXBmdlEceh16rCN8O8LNWm5bh5XUX91fh7KpA+W0TgMKmgTpQ==",
      "peer": true,
      "engines": {
        "node": ">=0.10.0"
      }
    },
    "node_modules/react-geolocated": {
      "version": "4.3.0",
      "resolved": "https://registry.npmjs.org/react-geolocated/-/react-geolocated-4.3.0.tgz",
      "integrity": "sha512-jj3x45VACcHHvSNWqWHf0f60V12pQDPIH6HuFyJi+BmndQ/dlE+vR0R2Eis+BYnwZPTlaEQ/ANmJjuUPH3Lxsg==",
      "peerDependencies": {
        "react": ">= 16.8.0 < 20.0.0"
      }
    }
  }
}
